{
  "name": "decrypt_blowfish",
  "version": "1.0.0",
  "lockfileVersion": 3,
  "requires": true,
  "packages": {
    "": {
      "name": "decrypt_blowfish",
      "version": "1.0.0",
      "license": "ISC",
      "dependencies": {
        "egoroof-blowfish": "^4.0.1"
      }
    },
    "node_modules/egoroof-blowfish": {
      "version": "4.0.1",
      "resolved": "https://registry.npmjs.org/egoroof-blowfish/-/egoroof-blowfish-4.0.1.tgz",
      "integrity": "sha512-e2gdfyLZrDvyuHX2NkRPFxEuYCIddp+W3MucqjBw9h9nineZUWynuuqQh+R5sNT9IVopPFBHwcnBYHqTcB1Vdw=="
    }
  }
}
